{
  "object": {
    "pins": [
      {
        "package": "OneSignalXCFramework",
        "repositoryURL": "https://github.com/OneSignal/OneSignal-XCFramework",
        "state": {
          "branch": null,
          "revision": "a12ab11bd3ec6a4152af77c6387daef35ce6a8fc",
          "version": "3.8.1"
        }
      }
    ]
  },
  "version": 1
}
