// !$*UTF8*$!
{
	archiveVersion = 1;
	classes = {
	};
	objectVersion = 55;
	objects = {

/* Begin PBXBuildFile section */
		4608969C27961E94005828BF /* GoogleService-Info.plist in Resources */ = {isa = PBXBuildFile; fileRef = 4608969B27961E94005828BF /* GoogleService-Info.plist */; };
		4608969D27961E94005828BF /* GoogleService-Info.plist in Resources */ = {isa = PBXBuildFile; fileRef = 4608969B27961E94005828BF /* GoogleService-Info.plist */; };
		4608969E27961E94005828BF /* GoogleService-Info.plist in Resources */ = {isa = PBXBuildFile; fileRef = 4608969B27961E94005828BF /* GoogleService-Info.plist */; };
		460896A2279620ED005828BF /* FirebaseAnalytics in Frameworks */ = {isa = PBXBuildFile; productRef = 460896A1279620ED005828BF /* FirebaseAnalytics */; };
		460896A4279620ED005828BF /* FirebaseAnalyticsWithoutAdIdSupport in Frameworks */ = {isa = PBXBuildFile; productRef = 460896A3279620ED005828BF /* FirebaseAnalyticsWithoutAdIdSupport */; };
		460896A6279620ED005828BF /* FirebaseFunctions in Frameworks */ = {isa = PBXBuildFile; productRef = 460896A5279620ED005828BF /* FirebaseFunctions */; };
		460896A8279620ED005828BF /* FirebaseFunctionsCombine-Community in Frameworks */ = {isa = PBXBuildFile; productRef = 460896A7279620ED005828BF /* FirebaseFunctionsCombine-Community */; };
		460896AA279620ED005828BF /* FirebaseInAppMessaging-Beta in Frameworks */ = {isa = PBXBuildFile; productRef = 460896A9279620ED005828BF /* FirebaseInAppMessaging-Beta */; };
		460896AC279620ED005828BF /* FirebaseInAppMessagingSwift-Beta in Frameworks */ = {isa = PBXBuildFile; productRef = 460896AB279620ED005828BF /* FirebaseInAppMessagingSwift-Beta */; };
		460896AE279620ED005828BF /* FirebaseMessaging in Frameworks */ = {isa = PBXBuildFile; productRef = 460896AD279620ED005828BF /* FirebaseMessaging */; };
		460896B0279620ED005828BF /* FirebaseRemoteConfig in Frameworks */ = {isa = PBXBuildFile; productRef = 460896AF279620ED005828BF /* FirebaseRemoteConfig */; };
		461E9E1E2717725E00E6C510 /* BreezeApp.swift in Sources */ = {isa = PBXBuildFile; fileRef = 461E9E1D2717725E00E6C510 /* BreezeApp.swift */; };
		461E9E202717725E00E6C510 /* ContentView.swift in Sources */ = {isa = PBXBuildFile; fileRef = 461E9E1F2717725E00E6C510 /* ContentView.swift */; };
		461E9E222717725F00E6C510 /* Assets.xcassets in Resources */ = {isa = PBXBuildFile; fileRef = 461E9E212717725F00E6C510 /* Assets.xcassets */; };
		461E9E252717725F00E6C510 /* Preview Assets.xcassets in Resources */ = {isa = PBXBuildFile; fileRef = 461E9E242717725F00E6C510 /* Preview Assets.xcassets */; };
		461E9E272717725F00E6C510 /* Persistence.swift in Sources */ = {isa = PBXBuildFile; fileRef = 461E9E262717725F00E6C510 /* Persistence.swift */; };
		461E9E2A2717725F00E6C510 /* Breeze.xcdatamodeld in Sources */ = {isa = PBXBuildFile; fileRef = 461E9E282717725F00E6C510 /* Breeze.xcdatamodeld */; };
		461E9E342717725F00E6C510 /* BreezeTests.swift in Sources */ = {isa = PBXBuildFile; fileRef = 461E9E332717725F00E6C510 /* BreezeTests.swift */; };
		461E9E3E2717725F00E6C510 /* BreezeUITests.swift in Sources */ = {isa = PBXBuildFile; fileRef = 461E9E3D2717725F00E6C510 /* BreezeUITests.swift */; };
		461E9E402717725F00E6C510 /* BreezeUITestsLaunchTests.swift in Sources */ = {isa = PBXBuildFile; fileRef = 461E9E3F2717725F00E6C510 /* BreezeUITestsLaunchTests.swift */; };
		461E9E902719464E00E6C510 /* GameScene.sks in Resources */ = {isa = PBXBuildFile; fileRef = 461E9E8F2719464E00E6C510 /* GameScene.sks */; };
		461E9E942719468900E6C510 /* GameScene.swift in Sources */ = {isa = PBXBuildFile; fileRef = 461E9E932719468900E6C510 /* GameScene.swift */; };
		4652152B272F26010023C2C0 /* TapToPlayView.swift in Sources */ = {isa = PBXBuildFile; fileRef = 4652152A272F26010023C2C0 /* TapToPlayView.swift */; };
		4652152D272F26040023C2C0 /* StartingWhirlpoolGameScene.swift in Sources */ = {isa = PBXBuildFile; fileRef = 4652152C272F26040023C2C0 /* StartingWhirlpoolGameScene.swift */; };
		4652152F272F260B0023C2C0 /* ExitView.swift in Sources */ = {isa = PBXBuildFile; fileRef = 4652152E272F260B0023C2C0 /* ExitView.swift */; };
		46521531272F26150023C2C0 /* EndOfSetUpView.swift in Sources */ = {isa = PBXBuildFile; fileRef = 46521530272F26150023C2C0 /* EndOfSetUpView.swift */; };
		46B28C4F27B794B500F7F0D7 /* LocationAuthorizationView.swift in Sources */ = {isa = PBXBuildFile; fileRef = 46B28C4E27B794B500F7F0D7 /* LocationAuthorizationView.swift */; };
		46E67A682742CA3300A347AA /* LosingExitView.swift in Sources */ = {isa = PBXBuildFile; fileRef = 46E67A672742CA3300A347AA /* LosingExitView.swift */; };
		46F6460A273C150700A27DC3 /* Baloo2-Regular.ttf in Resources */ = {isa = PBXBuildFile; fileRef = 46F64605273C150700A27DC3 /* Baloo2-Regular.ttf */; };
		46F6460B273C150700A27DC3 /* Baloo2-ExtraBold.ttf in Resources */ = {isa = PBXBuildFile; fileRef = 46F64606273C150700A27DC3 /* Baloo2-ExtraBold.ttf */; };
		46F6460C273C150700A27DC3 /* Baloo2-SemiBold.ttf in Resources */ = {isa = PBXBuildFile; fileRef = 46F64607273C150700A27DC3 /* Baloo2-SemiBold.ttf */; };
		46F6460D273C150700A27DC3 /* Baloo2-Medium.ttf in Resources */ = {isa = PBXBuildFile; fileRef = 46F64608273C150700A27DC3 /* Baloo2-Medium.ttf */; };
		46F6460E273C150700A27DC3 /* Baloo2-Bold.ttf in Resources */ = {isa = PBXBuildFile; fileRef = 46F64609273C150700A27DC3 /* Baloo2-Bold.ttf */; };
		46F6461727400EEF00A27DC3 /* TimeLimitInstructionsView.swift in Sources */ = {isa = PBXBuildFile; fileRef = 46F6461627400EEE00A27DC3 /* TimeLimitInstructionsView.swift */; };
		A14061422741C4BA006110CF /* Starfield.sks in Resources */ = {isa = PBXBuildFile; fileRef = A14061412741C4BA006110CF /* Starfield.sks */; };
		A1495ECC2735929B009DA6B1 /* GameSceneController.swift in Sources */ = {isa = PBXBuildFile; fileRef = A1495ECB2735929B009DA6B1 /* GameSceneController.swift */; };
		A1C3EE9D27B9BA41009E8EE6 /* Island.swift in Sources */ = {isa = PBXBuildFile; fileRef = A1C3EE9C27B9BA41009E8EE6 /* Island.swift */; };
		A8390C5D27B462B20042BA0F /* ProfileView.swift in Sources */ = {isa = PBXBuildFile; fileRef = A8390C5C27B462B20042BA0F /* ProfileView.swift */; };
		A87EDDCB27986AA9008D6DD3 /* Time.swift in Sources */ = {isa = PBXBuildFile; fileRef = A87EDDCA27986AA9008D6DD3 /* Time.swift */; };
		A87EDDCD27986AE3008D6DD3 /* DurationPickerView.swift in Sources */ = {isa = PBXBuildFile; fileRef = A87EDDCC27986AE3008D6DD3 /* DurationPickerView.swift */; };
		A8C3C77D279717F20027D8F9 /* InstructionsView.swift in Sources */ = {isa = PBXBuildFile; fileRef = A8C3C77C279717F20027D8F9 /* InstructionsView.swift */; };
		FF28167C273467BF0022F820 /* UserDefaults.swift in Sources */ = {isa = PBXBuildFile; fileRef = FF28167B273467BF0022F820 /* UserDefaults.swift */; };
		FF28167E273B69710022F820 /* TimeSelectionView.swift in Sources */ = {isa = PBXBuildFile; fileRef = FF28167D273B69710022F820 /* TimeSelectionView.swift */; };
		FFA2155927A46D1A00DE9889 /* MapGameScene.swift in Sources */ = {isa = PBXBuildFile; fileRef = FFA2155827A46D1A00DE9889 /* MapGameScene.swift */; };
/* End PBXBuildFile section */

/* Begin PBXContainerItemProxy section */
		461E9E302717725F00E6C510 /* PBXContainerItemProxy */ = {
			isa = PBXContainerItemProxy;
			containerPortal = 461E9E122717725E00E6C510 /* Project object */;
			proxyType = 1;
			remoteGlobalIDString = 461E9E192717725E00E6C510;
			remoteInfo = Breeze;
		};
		461E9E3A2717725F00E6C510 /* PBXContainerItemProxy */ = {
			isa = PBXContainerItemProxy;
			containerPortal = 461E9E122717725E00E6C510 /* Project object */;
			proxyType = 1;
			remoteGlobalIDString = 461E9E192717725E00E6C510;
			remoteInfo = Breeze;
		};
/* End PBXContainerItemProxy section */

/* Begin PBXCopyFilesBuildPhase section */
		9ACB05CB272625600074F8F0 /* Embed App Extensions */ = {
			isa = PBXCopyFilesBuildPhase;
			buildActionMask = 2147483647;
			dstPath = "";
			dstSubfolderSpec = 13;
			files = (
			);
			name = "Embed App Extensions";
			runOnlyForDeploymentPostprocessing = 0;
		};
/* End PBXCopyFilesBuildPhase section */

/* Begin PBXFileReference section */
		4608969B27961E94005828BF /* GoogleService-Info.plist */ = {isa = PBXFileReference; fileEncoding = 4; lastKnownFileType = text.plist.xml; path = "GoogleService-Info.plist"; sourceTree = "<group>"; };
		461E9E1A2717725E00E6C510 /* Breeze.app */ = {isa = PBXFileReference; explicitFileType = wrapper.application; includeInIndex = 0; path = Breeze.app; sourceTree = BUILT_PRODUCTS_DIR; };
		461E9E1D2717725E00E6C510 /* BreezeApp.swift */ = {isa = PBXFileReference; lastKnownFileType = sourcecode.swift; path = BreezeApp.swift; sourceTree = "<group>"; };
		461E9E1F2717725E00E6C510 /* ContentView.swift */ = {isa = PBXFileReference; lastKnownFileType = sourcecode.swift; path = ContentView.swift; sourceTree = "<group>"; };
		461E9E212717725F00E6C510 /* Assets.xcassets */ = {isa = PBXFileReference; lastKnownFileType = folder.assetcatalog; path = Assets.xcassets; sourceTree = "<group>"; };
		461E9E242717725F00E6C510 /* Preview Assets.xcassets */ = {isa = PBXFileReference; lastKnownFileType = folder.assetcatalog; path = "Preview Assets.xcassets"; sourceTree = "<group>"; };
		461E9E262717725F00E6C510 /* Persistence.swift */ = {isa = PBXFileReference; lastKnownFileType = sourcecode.swift; path = Persistence.swift; sourceTree = "<group>"; };
		461E9E292717725F00E6C510 /* Breeze.xcdatamodel */ = {isa = PBXFileReference; lastKnownFileType = wrapper.xcdatamodel; path = Breeze.xcdatamodel; sourceTree = "<group>"; };
		461E9E2F2717725F00E6C510 /* BreezeTests.xctest */ = {isa = PBXFileReference; explicitFileType = wrapper.cfbundle; includeInIndex = 0; path = BreezeTests.xctest; sourceTree = BUILT_PRODUCTS_DIR; };
		461E9E332717725F00E6C510 /* BreezeTests.swift */ = {isa = PBXFileReference; lastKnownFileType = sourcecode.swift; path = BreezeTests.swift; sourceTree = "<group>"; };
		461E9E392717725F00E6C510 /* BreezeUITests.xctest */ = {isa = PBXFileReference; explicitFileType = wrapper.cfbundle; includeInIndex = 0; path = BreezeUITests.xctest; sourceTree = BUILT_PRODUCTS_DIR; };
		461E9E3D2717725F00E6C510 /* BreezeUITests.swift */ = {isa = PBXFileReference; lastKnownFileType = sourcecode.swift; path = BreezeUITests.swift; sourceTree = "<group>"; };
		461E9E3F2717725F00E6C510 /* BreezeUITestsLaunchTests.swift */ = {isa = PBXFileReference; lastKnownFileType = sourcecode.swift; path = BreezeUITestsLaunchTests.swift; sourceTree = "<group>"; };
		461E9E8F2719464E00E6C510 /* GameScene.sks */ = {isa = PBXFileReference; lastKnownFileType = file.sks; path = GameScene.sks; sourceTree = "<group>"; };
		461E9E932719468900E6C510 /* GameScene.swift */ = {isa = PBXFileReference; fileEncoding = 4; lastKnownFileType = sourcecode.swift; path = GameScene.swift; sourceTree = "<group>"; };
		4652152A272F26010023C2C0 /* TapToPlayView.swift */ = {isa = PBXFileReference; fileEncoding = 4; lastKnownFileType = sourcecode.swift; path = TapToPlayView.swift; sourceTree = "<group>"; };
		4652152C272F26040023C2C0 /* StartingWhirlpoolGameScene.swift */ = {isa = PBXFileReference; fileEncoding = 4; lastKnownFileType = sourcecode.swift; path = StartingWhirlpoolGameScene.swift; sourceTree = "<group>"; };
		4652152E272F260B0023C2C0 /* ExitView.swift */ = {isa = PBXFileReference; fileEncoding = 4; lastKnownFileType = sourcecode.swift; path = ExitView.swift; sourceTree = "<group>"; };
		46521530272F26150023C2C0 /* EndOfSetUpView.swift */ = {isa = PBXFileReference; fileEncoding = 4; lastKnownFileType = sourcecode.swift; path = EndOfSetUpView.swift; sourceTree = "<group>"; };
		46B28C4E27B794B500F7F0D7 /* LocationAuthorizationView.swift */ = {isa = PBXFileReference; lastKnownFileType = sourcecode.swift; path = LocationAuthorizationView.swift; sourceTree = "<group>"; };
		46E67A672742CA3300A347AA /* LosingExitView.swift */ = {isa = PBXFileReference; lastKnownFileType = sourcecode.swift; path = LosingExitView.swift; sourceTree = "<group>"; };
		46F64605273C150700A27DC3 /* Baloo2-Regular.ttf */ = {isa = PBXFileReference; lastKnownFileType = file; path = "Baloo2-Regular.ttf"; sourceTree = "<group>"; };
		46F64606273C150700A27DC3 /* Baloo2-ExtraBold.ttf */ = {isa = PBXFileReference; lastKnownFileType = file; path = "Baloo2-ExtraBold.ttf"; sourceTree = "<group>"; };
		46F64607273C150700A27DC3 /* Baloo2-SemiBold.ttf */ = {isa = PBXFileReference; lastKnownFileType = file; path = "Baloo2-SemiBold.ttf"; sourceTree = "<group>"; };
		46F64608273C150700A27DC3 /* Baloo2-Medium.ttf */ = {isa = PBXFileReference; lastKnownFileType = file; path = "Baloo2-Medium.ttf"; sourceTree = "<group>"; };
		46F64609273C150700A27DC3 /* Baloo2-Bold.ttf */ = {isa = PBXFileReference; lastKnownFileType = file; path = "Baloo2-Bold.ttf"; sourceTree = "<group>"; };
		46F6461627400EEE00A27DC3 /* TimeLimitInstructionsView.swift */ = {isa = PBXFileReference; lastKnownFileType = sourcecode.swift; path = TimeLimitInstructionsView.swift; sourceTree = "<group>"; };
		46FC0D082739C78B002D14F9 /* Breeze.entitlements */ = {isa = PBXFileReference; fileEncoding = 4; lastKnownFileType = text.plist.entitlements; path = Breeze.entitlements; sourceTree = "<group>"; };
		9A117327271E16E800D871B7 /* info.plist */ = {isa = PBXFileReference; lastKnownFileType = text.plist.xml; path = info.plist; sourceTree = "<group>"; };
		A14061412741C4BA006110CF /* Starfield.sks */ = {isa = PBXFileReference; lastKnownFileType = file.sks; path = Starfield.sks; sourceTree = "<group>"; };
		A1495ECB2735929B009DA6B1 /* GameSceneController.swift */ = {isa = PBXFileReference; lastKnownFileType = sourcecode.swift; path = GameSceneController.swift; sourceTree = "<group>"; };
		A1C3EE9C27B9BA41009E8EE6 /* Island.swift */ = {isa = PBXFileReference; lastKnownFileType = sourcecode.swift; path = Island.swift; sourceTree = "<group>"; };
		A8390C5C27B462B20042BA0F /* ProfileView.swift */ = {isa = PBXFileReference; lastKnownFileType = sourcecode.swift; path = ProfileView.swift; sourceTree = "<group>"; };
		A87EDDCA27986AA9008D6DD3 /* Time.swift */ = {isa = PBXFileReference; lastKnownFileType = sourcecode.swift; path = Time.swift; sourceTree = "<group>"; };
		A87EDDCC27986AE3008D6DD3 /* DurationPickerView.swift */ = {isa = PBXFileReference; lastKnownFileType = sourcecode.swift; path = DurationPickerView.swift; sourceTree = "<group>"; };
		A8C3C77C279717F20027D8F9 /* InstructionsView.swift */ = {isa = PBXFileReference; lastKnownFileType = sourcecode.swift; path = InstructionsView.swift; sourceTree = "<group>"; };
		FF28167B273467BF0022F820 /* UserDefaults.swift */ = {isa = PBXFileReference; lastKnownFileType = sourcecode.swift; path = UserDefaults.swift; sourceTree = "<group>"; };
		FF28167D273B69710022F820 /* TimeSelectionView.swift */ = {isa = PBXFileReference; lastKnownFileType = sourcecode.swift; path = TimeSelectionView.swift; sourceTree = "<group>"; };
		FFA2155827A46D1A00DE9889 /* MapGameScene.swift */ = {isa = PBXFileReference; fileEncoding = 4; lastKnownFileType = sourcecode.swift; path = MapGameScene.swift; sourceTree = "<group>"; };
/* End PBXFileReference section */

/* Begin PBXFrameworksBuildPhase section */
		461E9E172717725E00E6C510 /* Frameworks */ = {
			isa = PBXFrameworksBuildPhase;
			buildActionMask = 2147483647;
			files = (
				460896A6279620ED005828BF /* FirebaseFunctions in Frameworks */,
				460896A2279620ED005828BF /* FirebaseAnalytics in Frameworks */,
				460896AE279620ED005828BF /* FirebaseMessaging in Frameworks */,
				460896A4279620ED005828BF /* FirebaseAnalyticsWithoutAdIdSupport in Frameworks */,
				460896A8279620ED005828BF /* FirebaseFunctionsCombine-Community in Frameworks */,
				460896AC279620ED005828BF /* FirebaseInAppMessagingSwift-Beta in Frameworks */,
				460896AA279620ED005828BF /* FirebaseInAppMessaging-Beta in Frameworks */,
				460896B0279620ED005828BF /* FirebaseRemoteConfig in Frameworks */,
			);
			runOnlyForDeploymentPostprocessing = 0;
		};
		461E9E2C2717725F00E6C510 /* Frameworks */ = {
			isa = PBXFrameworksBuildPhase;
			buildActionMask = 2147483647;
			files = (
			);
			runOnlyForDeploymentPostprocessing = 0;
		};
		461E9E362717725F00E6C510 /* Frameworks */ = {
			isa = PBXFrameworksBuildPhase;
			buildActionMask = 2147483647;
			files = (
			);
			runOnlyForDeploymentPostprocessing = 0;
		};
/* End PBXFrameworksBuildPhase section */

/* Begin PBXGroup section */
		461E9E112717725E00E6C510 = {
			isa = PBXGroup;
			children = (
				461E9E1C2717725E00E6C510 /* Breeze */,
				461E9E322717725F00E6C510 /* BreezeTests */,
				461E9E3C2717725F00E6C510 /* BreezeUITests */,
				461E9E1B2717725E00E6C510 /* Products */,
				9ACB05CF272627840074F8F0 /* Frameworks */,
			);
			sourceTree = "<group>";
		};
		461E9E1B2717725E00E6C510 /* Products */ = {
			isa = PBXGroup;
			children = (
				461E9E1A2717725E00E6C510 /* Breeze.app */,
				461E9E2F2717725F00E6C510 /* BreezeTests.xctest */,
				461E9E392717725F00E6C510 /* BreezeUITests.xctest */,
			);
			name = Products;
			sourceTree = "<group>";
		};
		461E9E1C2717725E00E6C510 /* Breeze */ = {
			isa = PBXGroup;
			children = (
				4608969B27961E94005828BF /* GoogleService-Info.plist */,
				46F64604273C14F000A27DC3 /* Resources */,
				FF04E03727307FA800E2D9D1 /* Views */,
				9A117327271E16E800D871B7 /* info.plist */,
				461E9E932719468900E6C510 /* GameScene.swift */,
				A1495ECB2735929B009DA6B1 /* GameSceneController.swift */,
				46FC0D082739C78B002D14F9 /* Breeze.entitlements */,
				A14061412741C4BA006110CF /* Starfield.sks */,
				461E9E8F2719464E00E6C510 /* GameScene.sks */,
				461E9E1D2717725E00E6C510 /* BreezeApp.swift */,
				461E9E212717725F00E6C510 /* Assets.xcassets */,
				A1C3EE9C27B9BA41009E8EE6 /* Island.swift */,
				461E9E262717725F00E6C510 /* Persistence.swift */,
				461E9E282717725F00E6C510 /* Breeze.xcdatamodeld */,
				461E9E232717725F00E6C510 /* Preview Content */,
				FF28167B273467BF0022F820 /* UserDefaults.swift */,
			);
			path = Breeze;
			sourceTree = "<group>";
		};
		461E9E232717725F00E6C510 /* Preview Content */ = {
			isa = PBXGroup;
			children = (
				461E9E242717725F00E6C510 /* Preview Assets.xcassets */,
			);
			path = "Preview Content";
			sourceTree = "<group>";
		};
		461E9E322717725F00E6C510 /* BreezeTests */ = {
			isa = PBXGroup;
			children = (
				461E9E332717725F00E6C510 /* BreezeTests.swift */,
			);
			path = BreezeTests;
			sourceTree = "<group>";
		};
		461E9E3C2717725F00E6C510 /* BreezeUITests */ = {
			isa = PBXGroup;
			children = (
				461E9E3D2717725F00E6C510 /* BreezeUITests.swift */,
				461E9E3F2717725F00E6C510 /* BreezeUITestsLaunchTests.swift */,
			);
			path = BreezeUITests;
			sourceTree = "<group>";
		};
		46F64604273C14F000A27DC3 /* Resources */ = {
			isa = PBXGroup;
			children = (
				46F64609273C150700A27DC3 /* Baloo2-Bold.ttf */,
				46F64606273C150700A27DC3 /* Baloo2-ExtraBold.ttf */,
				46F64608273C150700A27DC3 /* Baloo2-Medium.ttf */,
				46F64605273C150700A27DC3 /* Baloo2-Regular.ttf */,
				46F64607273C150700A27DC3 /* Baloo2-SemiBold.ttf */,
			);
			path = Resources;
			sourceTree = "<group>";
		};
		9ACB05CF272627840074F8F0 /* Frameworks */ = {
			isa = PBXGroup;
			children = (
			);
			name = Frameworks;
			sourceTree = "<group>";
		};
		FF04E03727307FA800E2D9D1 /* Views */ = {
			isa = PBXGroup;
			children = (
				FFA2155827A46D1A00DE9889 /* MapGameScene.swift */,
				461E9E1F2717725E00E6C510 /* ContentView.swift */,
				4652152C272F26040023C2C0 /* StartingWhirlpoolGameScene.swift */,
				4652152A272F26010023C2C0 /* TapToPlayView.swift */,
				4652152E272F260B0023C2C0 /* ExitView.swift */,
				46E67A672742CA3300A347AA /* LosingExitView.swift */,
				46521530272F26150023C2C0 /* EndOfSetUpView.swift */,
				46F6461627400EEE00A27DC3 /* TimeLimitInstructionsView.swift */,
				FF28167D273B69710022F820 /* TimeSelectionView.swift */,
				46B28C4E27B794B500F7F0D7 /* LocationAuthorizationView.swift */,
				A8C3C77C279717F20027D8F9 /* InstructionsView.swift */,
				A87EDDCA27986AA9008D6DD3 /* Time.swift */,
				A87EDDCC27986AE3008D6DD3 /* DurationPickerView.swift */,
				A8390C5C27B462B20042BA0F /* ProfileView.swift */,
			);
			path = Views;
			sourceTree = "<group>";
		};
/* End PBXGroup section */

/* Begin PBXNativeTarget section */
		461E9E192717725E00E6C510 /* Breeze */ = {
			isa = PBXNativeTarget;
			buildConfigurationList = 461E9E432717725F00E6C510 /* Build configuration list for PBXNativeTarget "Breeze" */;
			buildPhases = (
				461E9E162717725E00E6C510 /* Sources */,
				461E9E172717725E00E6C510 /* Frameworks */,
				461E9E182717725E00E6C510 /* Resources */,
				9ACB05CB272625600074F8F0 /* Embed App Extensions */,
			);
			buildRules = (
			);
			dependencies = (
			);
			name = Breeze;
			packageProductDependencies = (
				460896A1279620ED005828BF /* FirebaseAnalytics */,
				460896A3279620ED005828BF /* FirebaseAnalyticsWithoutAdIdSupport */,
				460896A5279620ED005828BF /* FirebaseFunctions */,
				460896A7279620ED005828BF /* FirebaseFunctionsCombine-Community */,
				460896A9279620ED005828BF /* FirebaseInAppMessaging-Beta */,
				460896AB279620ED005828BF /* FirebaseInAppMessagingSwift-Beta */,
				460896AD279620ED005828BF /* FirebaseMessaging */,
				460896AF279620ED005828BF /* FirebaseRemoteConfig */,
			);
			productName = Breeze;
			productReference = 461E9E1A2717725E00E6C510 /* Breeze.app */;
			productType = "com.apple.product-type.application";
		};
		461E9E2E2717725F00E6C510 /* BreezeTests */ = {
			isa = PBXNativeTarget;
			buildConfigurationList = 461E9E462717725F00E6C510 /* Build configuration list for PBXNativeTarget "BreezeTests" */;
			buildPhases = (
				461E9E2B2717725F00E6C510 /* Sources */,
				461E9E2C2717725F00E6C510 /* Frameworks */,
				461E9E2D2717725F00E6C510 /* Resources */,
			);
			buildRules = (
			);
			dependencies = (
				461E9E312717725F00E6C510 /* PBXTargetDependency */,
			);
			name = BreezeTests;
			productName = BreezeTests;
			productReference = 461E9E2F2717725F00E6C510 /* BreezeTests.xctest */;
			productType = "com.apple.product-type.bundle.unit-test";
		};
		461E9E382717725F00E6C510 /* BreezeUITests */ = {
			isa = PBXNativeTarget;
			buildConfigurationList = 461E9E492717725F00E6C510 /* Build configuration list for PBXNativeTarget "BreezeUITests" */;
			buildPhases = (
				461E9E352717725F00E6C510 /* Sources */,
				461E9E362717725F00E6C510 /* Frameworks */,
				461E9E372717725F00E6C510 /* Resources */,
			);
			buildRules = (
			);
			dependencies = (
				461E9E3B2717725F00E6C510 /* PBXTargetDependency */,
			);
			name = BreezeUITests;
			productName = BreezeUITests;
			productReference = 461E9E392717725F00E6C510 /* BreezeUITests.xctest */;
			productType = "com.apple.product-type.bundle.ui-testing";
		};
/* End PBXNativeTarget section */

/* Begin PBXProject section */
		461E9E122717725E00E6C510 /* Project object */ = {
			isa = PBXProject;
			attributes = {
				BuildIndependentTargetsInParallel = 1;
				LastSwiftUpdateCheck = 1300;
				LastUpgradeCheck = 1300;
				TargetAttributes = {
					461E9E192717725E00E6C510 = {
						CreatedOnToolsVersion = 13.0;
					};
					461E9E2E2717725F00E6C510 = {
						CreatedOnToolsVersion = 13.0;
						TestTargetID = 461E9E192717725E00E6C510;
					};
					461E9E382717725F00E6C510 = {
						CreatedOnToolsVersion = 13.0;
						TestTargetID = 461E9E192717725E00E6C510;
					};
				};
			};
			buildConfigurationList = 461E9E152717725E00E6C510 /* Build configuration list for PBXProject "Breeze" */;
			compatibilityVersion = "Xcode 13.0";
			developmentRegion = en;
			hasScannedForEncodings = 0;
			knownRegions = (
				en,
				Base,
			);
			mainGroup = 461E9E112717725E00E6C510;
			packageReferences = (
				460896A0279620ED005828BF /* XCRemoteSwiftPackageReference "firebase-ios-sdk" */,
			);
			productRefGroup = 461E9E1B2717725E00E6C510 /* Products */;
			projectDirPath = "";
			projectRoot = "";
			targets = (
				461E9E192717725E00E6C510 /* Breeze */,
				461E9E2E2717725F00E6C510 /* BreezeTests */,
				461E9E382717725F00E6C510 /* BreezeUITests */,
			);
		};
/* End PBXProject section */

/* Begin PBXResourcesBuildPhase section */
		461E9E182717725E00E6C510 /* Resources */ = {
			isa = PBXResourcesBuildPhase;
			buildActionMask = 2147483647;
			files = (
				46F6460E273C150700A27DC3 /* Baloo2-Bold.ttf in Resources */,
				46F6460A273C150700A27DC3 /* Baloo2-Regular.ttf in Resources */,
				461E9E902719464E00E6C510 /* GameScene.sks in Resources */,
				46F6460D273C150700A27DC3 /* Baloo2-Medium.ttf in Resources */,
				461E9E252717725F00E6C510 /* Preview Assets.xcassets in Resources */,
				461E9E222717725F00E6C510 /* Assets.xcassets in Resources */,
				A14061422741C4BA006110CF /* Starfield.sks in Resources */,
				4608969C27961E94005828BF /* GoogleService-Info.plist in Resources */,
				46F6460C273C150700A27DC3 /* Baloo2-SemiBold.ttf in Resources */,
				46F6460B273C150700A27DC3 /* Baloo2-ExtraBold.ttf in Resources */,
			);
			runOnlyForDeploymentPostprocessing = 0;
		};
		461E9E2D2717725F00E6C510 /* Resources */ = {
			isa = PBXResourcesBuildPhase;
			buildActionMask = 2147483647;
			files = (
				4608969D27961E94005828BF /* GoogleService-Info.plist in Resources */,
			);
			runOnlyForDeploymentPostprocessing = 0;
		};
		461E9E372717725F00E6C510 /* Resources */ = {
			isa = PBXResourcesBuildPhase;
			buildActionMask = 2147483647;
			files = (
				4608969E27961E94005828BF /* GoogleService-Info.plist in Resources */,
			);
			runOnlyForDeploymentPostprocessing = 0;
		};
/* End PBXResourcesBuildPhase section */

/* Begin PBXSourcesBuildPhase section */
		461E9E162717725E00E6C510 /* Sources */ = {
			isa = PBXSourcesBuildPhase;
			buildActionMask = 2147483647;
			files = (
				4652152D272F26040023C2C0 /* StartingWhirlpoolGameScene.swift in Sources */,
				FFA2155927A46D1A00DE9889 /* MapGameScene.swift in Sources */,
				A87EDDCB27986AA9008D6DD3 /* Time.swift in Sources */,
				461E9E942719468900E6C510 /* GameScene.swift in Sources */,
				FF28167E273B69710022F820 /* TimeSelectionView.swift in Sources */,
				461E9E2A2717725F00E6C510 /* Breeze.xcdatamodeld in Sources */,
				A1495ECC2735929B009DA6B1 /* GameSceneController.swift in Sources */,
				46B28C4F27B794B500F7F0D7 /* LocationAuthorizationView.swift in Sources */,
				461E9E272717725F00E6C510 /* Persistence.swift in Sources */,
				A8C3C77D279717F20027D8F9 /* InstructionsView.swift in Sources */,
				461E9E202717725E00E6C510 /* ContentView.swift in Sources */,
				46F6461727400EEF00A27DC3 /* TimeLimitInstructionsView.swift in Sources */,
				46521531272F26150023C2C0 /* EndOfSetUpView.swift in Sources */,
				461E9E1E2717725E00E6C510 /* BreezeApp.swift in Sources */,
				A87EDDCD27986AE3008D6DD3 /* DurationPickerView.swift in Sources */,
				4652152F272F260B0023C2C0 /* ExitView.swift in Sources */,
				FF28167C273467BF0022F820 /* UserDefaults.swift in Sources */,
				A1C3EE9D27B9BA41009E8EE6 /* Island.swift in Sources */,
				A8390C5D27B462B20042BA0F /* ProfileView.swift in Sources */,
				46E67A682742CA3300A347AA /* LosingExitView.swift in Sources */,
				4652152B272F26010023C2C0 /* TapToPlayView.swift in Sources */,
			);
			runOnlyForDeploymentPostprocessing = 0;
		};
		461E9E2B2717725F00E6C510 /* Sources */ = {
			isa = PBXSourcesBuildPhase;
			buildActionMask = 2147483647;
			files = (
				461E9E342717725F00E6C510 /* BreezeTests.swift in Sources */,
			);
			runOnlyForDeploymentPostprocessing = 0;
		};
		461E9E352717725F00E6C510 /* Sources */ = {
			isa = PBXSourcesBuildPhase;
			buildActionMask = 2147483647;
			files = (
				461E9E3E2717725F00E6C510 /* BreezeUITests.swift in Sources */,
				461E9E402717725F00E6C510 /* BreezeUITestsLaunchTests.swift in Sources */,
			);
			runOnlyForDeploymentPostprocessing = 0;
		};
/* End PBXSourcesBuildPhase section */

/* Begin PBXTargetDependency section */
		461E9E312717725F00E6C510 /* PBXTargetDependency */ = {
			isa = PBXTargetDependency;
			target = 461E9E192717725E00E6C510 /* Breeze */;
			targetProxy = 461E9E302717725F00E6C510 /* PBXContainerItemProxy */;
		};
		461E9E3B2717725F00E6C510 /* PBXTargetDependency */ = {
			isa = PBXTargetDependency;
			target = 461E9E192717725E00E6C510 /* Breeze */;
			targetProxy = 461E9E3A2717725F00E6C510 /* PBXContainerItemProxy */;
		};
/* End PBXTargetDependency section */

/* Begin XCBuildConfiguration section */
		461E9E412717725F00E6C510 /* Debug */ = {
			isa = XCBuildConfiguration;
			buildSettings = {
				ALWAYS_SEARCH_USER_PATHS = NO;
				CLANG_ANALYZER_NONNULL = YES;
				CLANG_ANALYZER_NUMBER_OBJECT_CONVERSION = YES_AGGRESSIVE;
				CLANG_CXX_LANGUAGE_STANDARD = "gnu++17";
				CLANG_CXX_LIBRARY = "libc++";
				CLANG_ENABLE_MODULES = YES;
				CLANG_ENABLE_OBJC_ARC = YES;
				CLANG_ENABLE_OBJC_WEAK = YES;
				CLANG_WARN_BLOCK_CAPTURE_AUTORELEASING = YES;
				CLANG_WARN_BOOL_CONVERSION = YES;
				CLANG_WARN_COMMA = YES;
				CLANG_WARN_CONSTANT_CONVERSION = YES;
				CLANG_WARN_DEPRECATED_OBJC_IMPLEMENTATIONS = YES;
				CLANG_WARN_DIRECT_OBJC_ISA_USAGE = YES_ERROR;
				CLANG_WARN_DOCUMENTATION_COMMENTS = YES;
				CLANG_WARN_EMPTY_BODY = YES;
				CLANG_WARN_ENUM_CONVERSION = YES;
				CLANG_WARN_INFINITE_RECURSION = YES;
				CLANG_WARN_INT_CONVERSION = YES;
				CLANG_WARN_NON_LITERAL_NULL_CONVERSION = YES;
				CLANG_WARN_OBJC_IMPLICIT_RETAIN_SELF = YES;
				CLANG_WARN_OBJC_LITERAL_CONVERSION = YES;
				CLANG_WARN_OBJC_ROOT_CLASS = YES_ERROR;
				CLANG_WARN_QUOTED_INCLUDE_IN_FRAMEWORK_HEADER = YES;
				CLANG_WARN_RANGE_LOOP_ANALYSIS = YES;
				CLANG_WARN_STRICT_PROTOTYPES = YES;
				CLANG_WARN_SUSPICIOUS_MOVE = YES;
				CLANG_WARN_UNGUARDED_AVAILABILITY = YES_AGGRESSIVE;
				CLANG_WARN_UNREACHABLE_CODE = YES;
				CLANG_WARN__DUPLICATE_METHOD_MATCH = YES;
				COPY_PHASE_STRIP = NO;
				DEBUG_INFORMATION_FORMAT = dwarf;
				ENABLE_STRICT_OBJC_MSGSEND = YES;
				ENABLE_TESTABILITY = YES;
				GCC_C_LANGUAGE_STANDARD = gnu11;
				GCC_DYNAMIC_NO_PIC = NO;
				GCC_NO_COMMON_BLOCKS = YES;
				GCC_OPTIMIZATION_LEVEL = 0;
				GCC_PREPROCESSOR_DEFINITIONS = (
					"DEBUG=1",
					"$(inherited)",
				);
				GCC_WARN_64_TO_32_BIT_CONVERSION = YES;
				GCC_WARN_ABOUT_RETURN_TYPE = YES_ERROR;
				GCC_WARN_UNDECLARED_SELECTOR = YES;
				GCC_WARN_UNINITIALIZED_AUTOS = YES_AGGRESSIVE;
				GCC_WARN_UNUSED_FUNCTION = YES;
				GCC_WARN_UNUSED_VARIABLE = YES;
				IPHONEOS_DEPLOYMENT_TARGET = 15.0;
				MTL_ENABLE_DEBUG_INFO = INCLUDE_SOURCE;
				MTL_FAST_MATH = YES;
				ONLY_ACTIVE_ARCH = YES;
				SDKROOT = iphoneos;
				SWIFT_ACTIVE_COMPILATION_CONDITIONS = DEBUG;
				SWIFT_OPTIMIZATION_LEVEL = "-Onone";
			};
			name = Debug;
		};
		461E9E422717725F00E6C510 /* Release */ = {
			isa = XCBuildConfiguration;
			buildSettings = {
				ALWAYS_SEARCH_USER_PATHS = NO;
				CLANG_ANALYZER_NONNULL = YES;
				CLANG_ANALYZER_NUMBER_OBJECT_CONVERSION = YES_AGGRESSIVE;
				CLANG_CXX_LANGUAGE_STANDARD = "gnu++17";
				CLANG_CXX_LIBRARY = "libc++";
				CLANG_ENABLE_MODULES = YES;
				CLANG_ENABLE_OBJC_ARC = YES;
				CLANG_ENABLE_OBJC_WEAK = YES;
				CLANG_WARN_BLOCK_CAPTURE_AUTORELEASING = YES;
				CLANG_WARN_BOOL_CONVERSION = YES;
				CLANG_WARN_COMMA = YES;
				CLANG_WARN_CONSTANT_CONVERSION = YES;
				CLANG_WARN_DEPRECATED_OBJC_IMPLEMENTATIONS = YES;
				CLANG_WARN_DIRECT_OBJC_ISA_USAGE = YES_ERROR;
				CLANG_WARN_DOCUMENTATION_COMMENTS = YES;
				CLANG_WARN_EMPTY_BODY = YES;
				CLANG_WARN_ENUM_CONVERSION = YES;
				CLANG_WARN_INFINITE_RECURSION = YES;
				CLANG_WARN_INT_CONVERSION = YES;
				CLANG_WARN_NON_LITERAL_NULL_CONVERSION = YES;
				CLANG_WARN_OBJC_IMPLICIT_RETAIN_SELF = YES;
				CLANG_WARN_OBJC_LITERAL_CONVERSION = YES;
				CLANG_WARN_OBJC_ROOT_CLASS = YES_ERROR;
				CLANG_WARN_QUOTED_INCLUDE_IN_FRAMEWORK_HEADER = YES;
				CLANG_WARN_RANGE_LOOP_ANALYSIS = YES;
				CLANG_WARN_STRICT_PROTOTYPES = YES;
				CLANG_WARN_SUSPICIOUS_MOVE = YES;
				CLANG_WARN_UNGUARDED_AVAILABILITY = YES_AGGRESSIVE;
				CLANG_WARN_UNREACHABLE_CODE = YES;
				CLANG_WARN__DUPLICATE_METHOD_MATCH = YES;
				COPY_PHASE_STRIP = NO;
				DEBUG_INFORMATION_FORMAT = "dwarf-with-dsym";
				ENABLE_NS_ASSERTIONS = NO;
				ENABLE_STRICT_OBJC_MSGSEND = YES;
				GCC_C_LANGUAGE_STANDARD = gnu11;
				GCC_NO_COMMON_BLOCKS = YES;
				GCC_WARN_64_TO_32_BIT_CONVERSION = YES;
				GCC_WARN_ABOUT_RETURN_TYPE = YES_ERROR;
				GCC_WARN_UNDECLARED_SELECTOR = YES;
				GCC_WARN_UNINITIALIZED_AUTOS = YES_AGGRESSIVE;
				GCC_WARN_UNUSED_FUNCTION = YES;
				GCC_WARN_UNUSED_VARIABLE = YES;
				IPHONEOS_DEPLOYMENT_TARGET = 15.0;
				MTL_ENABLE_DEBUG_INFO = NO;
				MTL_FAST_MATH = YES;
				SDKROOT = iphoneos;
				SWIFT_COMPILATION_MODE = wholemodule;
				SWIFT_OPTIMIZATION_LEVEL = "-O";
				VALIDATE_PRODUCT = YES;
			};
			name = Release;
		};
		461E9E442717725F00E6C510 /* Debug */ = {
			isa = XCBuildConfiguration;
			buildSettings = {
				ASSETCATALOG_COMPILER_APPICON_NAME = AppIcon;
				ASSETCATALOG_COMPILER_GLOBAL_ACCENT_COLOR_NAME = AccentColor;
				CODE_SIGN_ALLOW_ENTITLEMENTS_MODIFICATION = YES;
				CODE_SIGN_ENTITLEMENTS = Breeze/Breeze.entitlements;
				CODE_SIGN_IDENTITY = "Apple Development";
				CODE_SIGN_STYLE = Automatic;
				CURRENT_PROJECT_VERSION = 1;
				DEVELOPMENT_ASSET_PATHS = "\"Breeze/Preview Content\"";
				DEVELOPMENT_TEAM = JQ28K6Y7JE;
				ENABLE_PREVIEWS = YES;
				GENERATE_INFOPLIST_FILE = YES;
				INFOPLIST_FILE = Breeze/Info.plist;
				INFOPLIST_KEY_NSLocationAlwaysAndWhenInUseUsageDescription = "This app should track";
				INFOPLIST_KEY_NSLocationAlwaysUsageDescription = "This app needs to track your location changes in order to check screen time in the background. (2)";
				INFOPLIST_KEY_UIApplicationSceneManifest_Generation = YES;
				INFOPLIST_KEY_UIApplicationSupportsIndirectInputEvents = YES;
				INFOPLIST_KEY_UISupportedInterfaceOrientations_iPad = "UIInterfaceOrientationPortrait UIInterfaceOrientationPortraitUpsideDown UIInterfaceOrientationLandscapeLeft UIInterfaceOrientationLandscapeRight";
				INFOPLIST_KEY_UISupportedInterfaceOrientations_iPhone = "UIInterfaceOrientationPortrait UIInterfaceOrientationLandscapeLeft UIInterfaceOrientationLandscapeRight";
				IPHONEOS_DEPLOYMENT_TARGET = 14.0;
				LD_RUNPATH_SEARCH_PATHS = (
					"$(inherited)",
					"@executable_path/Frameworks",
				);
				MARKETING_VERSION = 1.0;
				PRODUCT_BUNDLE_IDENTIFIER = edu.dartmouth.breeze;
				PRODUCT_NAME = "$(TARGET_NAME)";
				PROVISIONING_PROFILE_SPECIFIER = "";
				SWIFT_EMIT_LOC_STRINGS = YES;
				SWIFT_VERSION = 5.0;
				TARGETED_DEVICE_FAMILY = "1,2";
			};
			name = Debug;
		};
		461E9E452717725F00E6C510 /* Release */ = {
			isa = XCBuildConfiguration;
			buildSettings = {
				ASSETCATALOG_COMPILER_APPICON_NAME = AppIcon;
				ASSETCATALOG_COMPILER_GLOBAL_ACCENT_COLOR_NAME = AccentColor;
				CODE_SIGN_ALLOW_ENTITLEMENTS_MODIFICATION = YES;
				CODE_SIGN_ENTITLEMENTS = Breeze/Breeze.entitlements;
				CODE_SIGN_IDENTITY = "Apple Development";
				CODE_SIGN_STYLE = Automatic;
				CURRENT_PROJECT_VERSION = 1;
				DEVELOPMENT_ASSET_PATHS = "\"Breeze/Preview Content\"";
				DEVELOPMENT_TEAM = JQ28K6Y7JE;
				ENABLE_PREVIEWS = YES;
				GENERATE_INFOPLIST_FILE = YES;
				INFOPLIST_FILE = Breeze/Info.plist;
				INFOPLIST_KEY_NSLocationAlwaysAndWhenInUseUsageDescription = "This app should track";
				INFOPLIST_KEY_NSLocationAlwaysUsageDescription = "This app needs to track your location changes in order to check screen time in the background. (2)";
				INFOPLIST_KEY_UIApplicationSceneManifest_Generation = YES;
				INFOPLIST_KEY_UIApplicationSupportsIndirectInputEvents = YES;
				INFOPLIST_KEY_UISupportedInterfaceOrientations_iPad = "UIInterfaceOrientationPortrait UIInterfaceOrientationPortraitUpsideDown UIInterfaceOrientationLandscapeLeft UIInterfaceOrientationLandscapeRight";
				INFOPLIST_KEY_UISupportedInterfaceOrientations_iPhone = "UIInterfaceOrientationPortrait UIInterfaceOrientationLandscapeLeft UIInterfaceOrientationLandscapeRight";
				IPHONEOS_DEPLOYMENT_TARGET = 14.0;
				LD_RUNPATH_SEARCH_PATHS = (
					"$(inherited)",
					"@executable_path/Frameworks",
				);
				MARKETING_VERSION = 1.0;
				PRODUCT_BUNDLE_IDENTIFIER = edu.dartmouth.breeze;
				PRODUCT_NAME = "$(TARGET_NAME)";
				PROVISIONING_PROFILE_SPECIFIER = "";
				SWIFT_EMIT_LOC_STRINGS = YES;
				SWIFT_VERSION = 5.0;
				TARGETED_DEVICE_FAMILY = "1,2";
			};
			name = Release;
		};
		461E9E472717725F00E6C510 /* Debug */ = {
			isa = XCBuildConfiguration;
			buildSettings = {
				ALWAYS_EMBED_SWIFT_STANDARD_LIBRARIES = YES;
				BUNDLE_LOADER = "$(TEST_HOST)";
				CODE_SIGN_STYLE = Automatic;
				CURRENT_PROJECT_VERSION = 1;
				GENERATE_INFOPLIST_FILE = YES;
				IPHONEOS_DEPLOYMENT_TARGET = 14.0;
				LD_RUNPATH_SEARCH_PATHS = (
					"$(inherited)",
					"@executable_path/Frameworks",
					"@loader_path/Frameworks",
				);
				MARKETING_VERSION = 1.0;
				PRODUCT_BUNDLE_IDENTIFIER = cs98.BreezeTests;
				PRODUCT_NAME = "$(TARGET_NAME)";
				SWIFT_EMIT_LOC_STRINGS = NO;
				SWIFT_VERSION = 5.0;
				TARGETED_DEVICE_FAMILY = "1,2";
				TEST_HOST = "$(BUILT_PRODUCTS_DIR)/Breeze.app/Breeze";
			};
			name = Debug;
		};
		461E9E482717725F00E6C510 /* Release */ = {
			isa = XCBuildConfiguration;
			buildSettings = {
				ALWAYS_EMBED_SWIFT_STANDARD_LIBRARIES = YES;
				BUNDLE_LOADER = "$(TEST_HOST)";
				CODE_SIGN_STYLE = Automatic;
				CURRENT_PROJECT_VERSION = 1;
				GENERATE_INFOPLIST_FILE = YES;
				IPHONEOS_DEPLOYMENT_TARGET = 14.0;
				LD_RUNPATH_SEARCH_PATHS = (
					"$(inherited)",
					"@executable_path/Frameworks",
					"@loader_path/Frameworks",
				);
				MARKETING_VERSION = 1.0;
				PRODUCT_BUNDLE_IDENTIFIER = cs98.BreezeTests;
				PRODUCT_NAME = "$(TARGET_NAME)";
				SWIFT_EMIT_LOC_STRINGS = NO;
				SWIFT_VERSION = 5.0;
				TARGETED_DEVICE_FAMILY = "1,2";
				TEST_HOST = "$(BUILT_PRODUCTS_DIR)/Breeze.app/Breeze";
			};
			name = Release;
		};
		461E9E4A2717725F00E6C510 /* Debug */ = {
			isa = XCBuildConfiguration;
			buildSettings = {
				ALWAYS_EMBED_SWIFT_STANDARD_LIBRARIES = YES;
				CODE_SIGN_STYLE = Automatic;
				CURRENT_PROJECT_VERSION = 1;
				GENERATE_INFOPLIST_FILE = YES;
				LD_RUNPATH_SEARCH_PATHS = (
					"$(inherited)",
					"@executable_path/Frameworks",
					"@loader_path/Frameworks",
				);
				MARKETING_VERSION = 1.0;
				PRODUCT_BUNDLE_IDENTIFIER = cs98.BreezeUITests;
				PRODUCT_NAME = "$(TARGET_NAME)";
				SWIFT_EMIT_LOC_STRINGS = NO;
				SWIFT_VERSION = 5.0;
				TARGETED_DEVICE_FAMILY = "1,2";
				TEST_TARGET_NAME = Breeze;
			};
			name = Debug;
		};
		461E9E4B2717725F00E6C510 /* Release */ = {
			isa = XCBuildConfiguration;
			buildSettings = {
				ALWAYS_EMBED_SWIFT_STANDARD_LIBRARIES = YES;
				CODE_SIGN_STYLE = Automatic;
				CURRENT_PROJECT_VERSION = 1;
				GENERATE_INFOPLIST_FILE = YES;
				LD_RUNPATH_SEARCH_PATHS = (
					"$(inherited)",
					"@executable_path/Frameworks",
					"@loader_path/Frameworks",
				);
				MARKETING_VERSION = 1.0;
				PRODUCT_BUNDLE_IDENTIFIER = cs98.BreezeUITests;
				PRODUCT_NAME = "$(TARGET_NAME)";
				SWIFT_EMIT_LOC_STRINGS = NO;
				SWIFT_VERSION = 5.0;
				TARGETED_DEVICE_FAMILY = "1,2";
				TEST_TARGET_NAME = Breeze;
			};
			name = Release;
		};
/* End XCBuildConfiguration section */

/* Begin XCConfigurationList section */
		461E9E152717725E00E6C510 /* Build configuration list for PBXProject "Breeze" */ = {
			isa = XCConfigurationList;
			buildConfigurations = (
				461E9E412717725F00E6C510 /* Debug */,
				461E9E422717725F00E6C510 /* Release */,
			);
			defaultConfigurationIsVisible = 0;
			defaultConfigurationName = Release;
		};
		461E9E432717725F00E6C510 /* Build configuration list for PBXNativeTarget "Breeze" */ = {
			isa = XCConfigurationList;
			buildConfigurations = (
				461E9E442717725F00E6C510 /* Debug */,
				461E9E452717725F00E6C510 /* Release */,
			);
			defaultConfigurationIsVisible = 0;
			defaultConfigurationName = Release;
		};
		461E9E462717725F00E6C510 /* Build configuration list for PBXNativeTarget "BreezeTests" */ = {
			isa = XCConfigurationList;
			buildConfigurations = (
				461E9E472717725F00E6C510 /* Debug */,
				461E9E482717725F00E6C510 /* Release */,
			);
			defaultConfigurationIsVisible = 0;
			defaultConfigurationName = Release;
		};
		461E9E492717725F00E6C510 /* Build configuration list for PBXNativeTarget "BreezeUITests" */ = {
			isa = XCConfigurationList;
			buildConfigurations = (
				461E9E4A2717725F00E6C510 /* Debug */,
				461E9E4B2717725F00E6C510 /* Release */,
			);
			defaultConfigurationIsVisible = 0;
			defaultConfigurationName = Release;
		};
/* End XCConfigurationList section */

/* Begin XCRemoteSwiftPackageReference section */
		460896A0279620ED005828BF /* XCRemoteSwiftPackageReference "firebase-ios-sdk" */ = {
			isa = XCRemoteSwiftPackageReference;
			repositoryURL = "https://github.com/firebase/firebase-ios-sdk";
			requirement = {
				kind = upToNextMajorVersion;
				minimumVersion = 8.0.0;
			};
		};
/* End XCRemoteSwiftPackageReference section */

/* Begin XCSwiftPackageProductDependency section */
		460896A1279620ED005828BF /* FirebaseAnalytics */ = {
			isa = XCSwiftPackageProductDependency;
			package = 460896A0279620ED005828BF /* XCRemoteSwiftPackageReference "firebase-ios-sdk" */;
			productName = FirebaseAnalytics;
		};
		460896A3279620ED005828BF /* FirebaseAnalyticsWithoutAdIdSupport */ = {
			isa = XCSwiftPackageProductDependency;
			package = 460896A0279620ED005828BF /* XCRemoteSwiftPackageReference "firebase-ios-sdk" */;
			productName = FirebaseAnalyticsWithoutAdIdSupport;
		};
		460896A5279620ED005828BF /* FirebaseFunctions */ = {
			isa = XCSwiftPackageProductDependency;
			package = 460896A0279620ED005828BF /* XCRemoteSwiftPackageReference "firebase-ios-sdk" */;
			productName = FirebaseFunctions;
		};
		460896A7279620ED005828BF /* FirebaseFunctionsCombine-Community */ = {
			isa = XCSwiftPackageProductDependency;
			package = 460896A0279620ED005828BF /* XCRemoteSwiftPackageReference "firebase-ios-sdk" */;
			productName = "FirebaseFunctionsCombine-Community";
		};
		460896A9279620ED005828BF /* FirebaseInAppMessaging-Beta */ = {
			isa = XCSwiftPackageProductDependency;
			package = 460896A0279620ED005828BF /* XCRemoteSwiftPackageReference "firebase-ios-sdk" */;
			productName = "FirebaseInAppMessaging-Beta";
		};
		460896AB279620ED005828BF /* FirebaseInAppMessagingSwift-Beta */ = {
			isa = XCSwiftPackageProductDependency;
			package = 460896A0279620ED005828BF /* XCRemoteSwiftPackageReference "firebase-ios-sdk" */;
			productName = "FirebaseInAppMessagingSwift-Beta";
		};
		460896AD279620ED005828BF /* FirebaseMessaging */ = {
			isa = XCSwiftPackageProductDependency;
			package = 460896A0279620ED005828BF /* XCRemoteSwiftPackageReference "firebase-ios-sdk" */;
			productName = FirebaseMessaging;
		};
		460896AF279620ED005828BF /* FirebaseRemoteConfig */ = {
			isa = XCSwiftPackageProductDependency;
			package = 460896A0279620ED005828BF /* XCRemoteSwiftPackageReference "firebase-ios-sdk" */;
			productName = FirebaseRemoteConfig;
		};
/* End XCSwiftPackageProductDependency section */

/* Begin XCVersionGroup section */
		461E9E282717725F00E6C510 /* Breeze.xcdatamodeld */ = {
			isa = XCVersionGroup;
			children = (
				461E9E292717725F00E6C510 /* Breeze.xcdatamodel */,
			);
			currentVersion = 461E9E292717725F00E6C510 /* Breeze.xcdatamodel */;
			path = Breeze.xcdatamodeld;
			sourceTree = "<group>";
			versionGroupType = wrapper.xcdatamodel;
		};
/* End XCVersionGroup section */
	};
	rootObject = 461E9E122717725E00E6C510 /* Project object */;
}
